
Microsoft Visual Studio Solution File, Format Version 12.00
# Visual Studio Version 17
VisualStudioVersion = 17.8.34511.84
MinimumVisualStudioVersion = 10.0.40219.1
Project("{9A19103F-16F7-4668-BE54-9A1E7A4F7556}") = "MvcBul.Main", "MvcBul.Main\MvcBul.Main.csproj", "{3A284F32-692E-4A27-A6FF-FE5001054860}"
EndProject
Project("{9A19103F-16F7-4668-BE54-9A1E7A4F7556}") = "MvcBul.DataAccess", "MvcBul.DataAccess\MvcBul.DataAccess.csproj", "{1E6837C6-52BB-4E41-BA61-EE5D70F3B175}"
EndProject
Project("{9A19103F-16F7-4668-BE54-9A1E7A4F7556}") = "MvcBul.Models", "MvcBul.Models\MvcBul.Models.csproj", "{0781F5CD-1E9B-4D81-BC7F-A76A661CCF7B}"
EndProject
Project("{9A19103F-16F7-4668-BE54-9A1E7A4F7556}") = "MvcBul.Utility", "MvcBul.Utility\MvcBul.Utility.csproj", "{327032A7-3E6A-4682-95E3-BAFD39E178F0}"
EndProject
Global
	GlobalSection(SolutionConfigurationPlatforms) = preSolution
		Debug|Any CPU = Debug|Any CPU
		Release|Any CPU = Release|Any CPU
	EndGlobalSection
	GlobalSection(ProjectConfigurationPlatforms) = postSolution
		{3A284F32-692E-4A27-A6FF-FE5001054860}.Debug|Any CPU.ActiveCfg = Debug|Any CPU
		{3A284F32-692E-4A27-A6FF-FE5001054860}.Debug|Any CPU.Build.0 = Debug|Any CPU
		{3A284F32-692E-4A27-A6FF-FE5001054860}.Release|Any CPU.ActiveCfg = Release|Any CPU
		{3A284F32-692E-4A27-A6FF-FE5001054860}.Release|Any CPU.Build.0 = Release|Any CPU
		{1E6837C6-52BB-4E41-BA61-EE5D70F3B175}.Debug|Any CPU.ActiveCfg = Debug|Any CPU
		{1E6837C6-52BB-4E41-BA61-EE5D70F3B175}.Debug|Any CPU.Build.0 = Debug|Any CPU
		{1E6837C6-52BB-4E41-BA61-EE5D70F3B175}.Release|Any CPU.ActiveCfg = Release|Any CPU
		{1E6837C6-52BB-4E41-BA61-EE5D70F3B175}.Release|Any CPU.Build.0 = Release|Any CPU
		{0781F5CD-1E9B-4D81-BC7F-A76A661CCF7B}.Debug|Any CPU.ActiveCfg = Debug|Any CPU
		{0781F5CD-1E9B-4D81-BC7F-A76A661CCF7B}.Debug|Any CPU.Build.0 = Debug|Any CPU
		{0781F5CD-1E9B-4D81-BC7F-A76A661CCF7B}.Release|Any CPU.ActiveCfg = Release|Any CPU
		{0781F5CD-1E9B-4D81-BC7F-A76A661CCF7B}.Release|Any CPU.Build.0 = Release|Any CPU
		{327032A7-3E6A-4682-95E3-BAFD39E178F0}.Debug|Any CPU.ActiveCfg = Debug|Any CPU
		{327032A7-3E6A-4682-95E3-BAFD39E178F0}.Debug|Any CPU.Build.0 = Debug|Any CPU
		{327032A7-3E6A-4682-95E3-BAFD39E178F0}.Release|Any CPU.ActiveCfg = Release|Any CPU
		{327032A7-3E6A-4682-95E3-BAFD39E178F0}.Release|Any CPU.Build.0 = Release|Any CPU
	EndGlobalSection
	GlobalSection(SolutionProperties) = preSolution
		HideSolutionNode = FALSE
	EndGlobalSection
	GlobalSection(ExtensibilityGlobals) = postSolution
		SolutionGuid = {6DB7D264-7986-458D-B74F-F2AEA7D77AC4}
	EndGlobalSection
EndGlobal
